
Microsoft Visual Studio Solution File, Format Version 12.00
# Visual Studio Version 16
VisualStudioVersion = 16.0.30804.86
MinimumVisualStudioVersion = 10.0.40219.1
Project("{9A19103F-16F7-4668-BE54-9A1E7A4F7556}") = "Translator.API", "Translator.API\Translator.API.csproj", "{FD6D67CE-55E6-4EC8-8FA6-07275F6B23AF}"
EndProject
Project("{9A19103F-16F7-4668-BE54-9A1E7A4F7556}") = "Translator.Data", "Translator.Data\Translator.Data.csproj", "{F6EA2712-2FF4-48C4-AB56-17668DFA10D8}"
EndProject
Project("{9A19103F-16F7-4668-BE54-9A1E7A4F7556}") = "Translator.Service", "Translator.Service\Translator.Service.csproj", "{C49116B6-B8A8-4989-9725-35B16FB4142F}"
EndProject
Project("{9A19103F-16F7-4668-BE54-9A1E7A4F7556}") = "Translator.Domain", "Translator.Domain\Translator.Domain.csproj", "{884E2065-33F2-451D-8BA0-90ADB0583557}"
EndProject
Project("{9A19103F-16F7-4668-BE54-9A1E7A4F7556}") = "Translator.MSTest", "Translator.MSTest\Translator.MSTest.csproj", "{AF4B4547-7EE6-4FB5-B770-1682CAC306F1}"
EndProject
Global
	GlobalSection(SolutionConfigurationPlatforms) = preSolution
		Debug|Any CPU = Debug|Any CPU
		Release|Any CPU = Release|Any CPU
	EndGlobalSection
	GlobalSection(ProjectConfigurationPlatforms) = postSolution
		{FD6D67CE-55E6-4EC8-8FA6-07275F6B23AF}.Debug|Any CPU.ActiveCfg = Debug|Any CPU
		{FD6D67CE-55E6-4EC8-8FA6-07275F6B23AF}.Debug|Any CPU.Build.0 = Debug|Any CPU
		{FD6D67CE-55E6-4EC8-8FA6-07275F6B23AF}.Release|Any CPU.ActiveCfg = Release|Any CPU
		{FD6D67CE-55E6-4EC8-8FA6-07275F6B23AF}.Release|Any CPU.Build.0 = Release|Any CPU
		{F6EA2712-2FF4-48C4-AB56-17668DFA10D8}.Debug|Any CPU.ActiveCfg = Debug|Any CPU
		{F6EA2712-2FF4-48C4-AB56-17668DFA10D8}.Debug|Any CPU.Build.0 = Debug|Any CPU
		{F6EA2712-2FF4-48C4-AB56-17668DFA10D8}.Release|Any CPU.ActiveCfg = Release|Any CPU
		{F6EA2712-2FF4-48C4-AB56-17668DFA10D8}.Release|Any CPU.Build.0 = Release|Any CPU
		{C49116B6-B8A8-4989-9725-35B16FB4142F}.Debug|Any CPU.ActiveCfg = Debug|Any CPU
		{C49116B6-B8A8-4989-9725-35B16FB4142F}.Debug|Any CPU.Build.0 = Debug|Any CPU
		{C49116B6-B8A8-4989-9725-35B16FB4142F}.Release|Any CPU.ActiveCfg = Release|Any CPU
		{C49116B6-B8A8-4989-9725-35B16FB4142F}.Release|Any CPU.Build.0 = Release|Any CPU
		{884E2065-33F2-451D-8BA0-90ADB0583557}.Debug|Any CPU.ActiveCfg = Debug|Any CPU
		{884E2065-33F2-451D-8BA0-90ADB0583557}.Debug|Any CPU.Build.0 = Debug|Any CPU
		{884E2065-33F2-451D-8BA0-90ADB0583557}.Release|Any CPU.ActiveCfg = Release|Any CPU
		{884E2065-33F2-451D-8BA0-90ADB0583557}.Release|Any CPU.Build.0 = Release|Any CPU
		{AF4B4547-7EE6-4FB5-B770-1682CAC306F1}.Debug|Any CPU.ActiveCfg = Debug|Any CPU
		{AF4B4547-7EE6-4FB5-B770-1682CAC306F1}.Debug|Any CPU.Build.0 = Debug|Any CPU
		{AF4B4547-7EE6-4FB5-B770-1682CAC306F1}.Release|Any CPU.ActiveCfg = Release|Any CPU
		{AF4B4547-7EE6-4FB5-B770-1682CAC306F1}.Release|Any CPU.Build.0 = Release|Any CPU
	EndGlobalSection
	GlobalSection(SolutionProperties) = preSolution
		HideSolutionNode = FALSE
	EndGlobalSection
	GlobalSection(ExtensibilityGlobals) = postSolution
		SolutionGuid = {3CD61DDF-509E-4943-A857-053D9D35E26E}
	EndGlobalSection
EndGlobal
